{
  "name": "kurento-health-monitor",
  "version": "0.2.1",
  "lockfileVersion": 1,
  "requires": true,
  "dependencies": {
    "argparse": {
      "version": "1.0.10",
      "resolved": "https://registry.npmjs.org/argparse/-/argparse-1.0.10.tgz",
      "integrity": "sha512-o5Roy6tNG4SL/FOkCAN6RzjiakZS25RLYFrcMttJqbdd8BWrnA+fGz57iN5Pb06pvBGvl5gQ0B48dJlslXvoTg==",
      "requires": {
        "sprintf-js": "~1.0.2"
      }
    },
    "asap": {
      "version": "2.0.6",
      "resolved": "https://registry.npmjs.org/asap/-/asap-2.0.6.tgz",
      "integrity": "sha512-BSHWgDSAiKs50o2Re8ppvp3seVHXSRM44cdSsT9FfNEUUZLOGWVCsiWaRPWM1Znn+mqZ1OfVZ3z3DWEzSp7hRA=="
    },
    "async": {
      "version": "2.6.4",
      "resolved": "https://registry.npmjs.org/async/-/async-2.6.4.tgz",
      "integrity": "sha512-mzo5dfJYwAn29PeiJ0zvwTo04zj8HDJj0Mn8TD7sno7q12prdbnasKJHhkm2c1LgrhlJ0teaea8860oxi51mGA==",
      "requires": {
        "lodash": "^4.17.14"
      }
    },
    "backoff": {
      "version": "2.3.0",
      "resolved": "https://registry.npmjs.org/backoff/-/backoff-2.3.0.tgz",
      "integrity": "sha512-ljr33cUQ/vyXE/60QuRO+WKGW4PzQ5OTWNXPWQwOTx5gh43q0pZocaVyXoU2gvFtasMIdIohdm9s01qoT6IJBQ=="
    },
    "bufferutil": {
      "version": "4.0.7",
      "resolved": "https://registry.npmjs.org/bufferutil/-/bufferutil-4.0.7.tgz",
      "integrity": "sha512-kukuqc39WOHtdxtw4UScxF/WVnMFVSQVKhtx3AjZJzhd0RGZZldcrfSEbVsWWe6KNH253574cq5F+wpv0G9pJw==",
      "requires": {
        "node-gyp-build": "^4.3.0"
      }
    },
    "commander": {
      "version": "2.1.0",
      "resolved": "https://registry.npmjs.org/commander/-/commander-2.1.0.tgz",
      "integrity": "sha512-J2wnb6TKniXNOtoHS8TSrG9IOQluPrsmyAJ8oCUJOBmv+uLBCyPYAZkD2jFvw2DCzIXNnISIM01NIvr35TkBMQ=="
    },
    "config": {
      "version": "1.31.0",
      "resolved": "https://registry.npmjs.org/config/-/config-1.31.0.tgz",
      "integrity": "sha512-Ep/l9Rd1J9IPueztJfpbOqVzuKHQh4ZODMNt9xqTYdBBNRXbV4oTu34kCkkfdRVcDq0ohtpaeXGgb+c0LQxFRA==",
      "requires": {
        "json5": "^1.0.1"
      }
    },
    "es6-promise": {
      "version": "4.2.8",
      "resolved": "https://registry.npmjs.org/es6-promise/-/es6-promise-4.2.8.tgz",
      "integrity": "sha512-HJDGx5daxeIvxdBxvG2cb9g4tEvwIk3i8+nhX0yGrYmZUzbkdg8QbDevheDB8gd0//uPj4c1EQua8Q+MViT0/w=="
    },
    "esprima": {
      "version": "4.0.1",
      "resolved": "https://registry.npmjs.org/esprima/-/esprima-4.0.1.tgz",
      "integrity": "sha512-eGuFFw7Upda+g4p+QHvnW0RyTX/SVeJBDM/gCtMARO0cLuT2HcEKnTPvhjV6aGeqrCB/sbNop0Kszm0jsaWU4A=="
    },
    "eventemitter2": {
      "version": "4.1.2",
      "resolved": "https://registry.npmjs.org/eventemitter2/-/eventemitter2-4.1.2.tgz",
      "integrity": "sha1-DhqEd6+CGm7zmVsxG/dMI6UkfxU="
    },
    "extend": {
      "version": "3.0.2",
      "resolved": "https://registry.npmjs.org/extend/-/extend-3.0.2.tgz",
      "integrity": "sha512-fjquC59cD7CyW6urNXK0FBufkZcoiGG80wTuPujX590cB5Ttln20E2UB4S/WARVqhXffZl2LNgS+gQdPIIim/g=="
    },
    "inherits": {
      "version": "2.0.4",
      "resolved": "https://registry.npmjs.org/inherits/-/inherits-2.0.4.tgz",
      "integrity": "sha512-k/vGaX4/Yla3WzyMCvTQOXYeIHvqOKtnqBduzTHpzpQZzAskKMhZ2K+EnBiSM9zGSoIFeMpXKxa4dYeZIQqewQ=="
    },
    "isbuffer": {
      "version": "0.0.0",
      "resolved": "https://registry.npmjs.org/isbuffer/-/isbuffer-0.0.0.tgz",
      "integrity": "sha512-xU+NoHp+YtKQkaM2HsQchYn0sltxMxew0HavMfHbjnucBoTSGbw745tL+Z7QBANleWM1eEQMenEpi174mIeS4g=="
    },
    "js-yaml": {
      "version": "3.13.1",
      "resolved": "https://registry.npmjs.org/js-yaml/-/js-yaml-3.13.1.tgz",
      "integrity": "sha512-YfbcO7jXDdyj0DGxYVSlSeQNHbD7XPWvrVWeVUujrQEoZzWJIRrCPoyk6kL6IAjAG2IolMK4T0hNUe0HOUs5Jw==",
      "requires": {
        "argparse": "^1.0.7",
        "esprima": "^4.0.0"
      }
    },
    "json5": {
      "version": "1.0.2",
      "resolved": "https://registry.npmjs.org/json5/-/json5-1.0.2.tgz",
      "integrity": "sha512-g1MWMLBiz8FKi1e4w0UyVL3w+iJceWAFBAaBnnGKOpNa5f8TLktkbre1+s6oICydWAm+HRUGTmI+//xv2hvXYA==",
      "requires": {
        "minimist": "^1.2.0"
      }
    },
    "kurento-client": {
      "version": "git+https://github.com/Kurento/kurento-client-js.git#4a7ecb2e11d32a2e236388c9877fdb7a91adb655",
      "from": "git+https://github.com/Kurento/kurento-client-js.git#6.15.0",
      "requires": {
        "async": "^2.0.1",
        "es6-promise": "^4.0.5",
        "extend": "^3.0.0",
        "inherits": "^2.0.0",
        "kurento-client-core": "6.15.0",
        "kurento-client-elements": "6.15.0",
        "kurento-client-filters": "6.15.0",
        "kurento-jsonrpc": "6.15.0",
        "minimist": "^1.2.0",
        "promise": "7.1.1",
        "promisecallback": "0.0.4",
        "reconnect-ws": "github:KurentoForks/reconnect-ws#master"
      }
    },
    "kurento-client-core": {
      "version": "6.15.0",
      "resolved": "https://registry.npmjs.org/kurento-client-core/-/kurento-client-core-6.15.0.tgz",
      "integrity": "sha512-EkBVOBgs9fYMKBONBt1HGKB797pTHNbQXLWe6T5nx0BDEGJHrpZqm/5s3yBEeIuTUiVtm12Cli1reKtxBI58Kw=="
    },
    "kurento-client-elements": {
      "version": "6.15.0",
      "resolved": "https://registry.npmjs.org/kurento-client-elements/-/kurento-client-elements-6.15.0.tgz",
      "integrity": "sha512-lAAYhpaKi7dzKOqcZ+ecJn+whQ95vy3EVjsAVWBXp9dzRZCWW/ZMYZlm294nDNRFS8VMhtyFXj7xXjsnKwnpWg=="
    },
    "kurento-client-filters": {
      "version": "6.15.0",
      "resolved": "https://registry.npmjs.org/kurento-client-filters/-/kurento-client-filters-6.15.0.tgz",
      "integrity": "sha512-Lo35Zc6YxXZE67kTTT3H0vfAqg9hk4TfWVEMZFmb3PV5XtGIHTatlgrogTY0Vr5mVYmvakxK1kwXWvGEeH4UqA=="
    },
    "kurento-jsonrpc": {
      "version": "6.15.0",
      "resolved": "https://registry.npmjs.org/kurento-jsonrpc/-/kurento-jsonrpc-6.15.0.tgz",
      "integrity": "sha512-tGxQpbaENbHBy/XVpVrWDVNOdZ76WvIP93fvjyf8pmSWdL7fMNhCHCUBoILSnaXkcQYZ1ylANCv6IJ9DrNhCmQ==",
      "requires": {
        "bufferutil": "^4.0.1",
        "inherits": "^2.0.1",
        "ws": "^7.1.0"
      }
    },
    "lodash": {
      "version": "4.17.21",
      "resolved": "https://registry.npmjs.org/lodash/-/lodash-4.17.21.tgz",
      "integrity": "sha512-v2kDEe57lecTulaDIuNTPy3Ry4gLGJ6Z1O3vE1krgXZNrsQ+LFTGHVxVjcXPs17LhbZVGedAJv8XZ1tvj5FvSg=="
    },
    "minimist": {
      "version": "1.2.5",
      "resolved": "https://registry.npmjs.org/minimist/-/minimist-1.2.5.tgz",
      "integrity": "sha512-FM9nNUYrRBAELZQT3xeZQ7fmMOBg6nWNmJKTcgsJeaLstP/UODVpGsr5OhXhhXg6f+qtJ8uiZ+PUxkDWcgIXLw=="
    },
    "modesl": {
      "version": "1.2.1",
      "resolved": "https://registry.npmjs.org/modesl/-/modesl-1.2.1.tgz",
      "integrity": "sha512-B4ROC+xyZ9guF91dYSMQFLccHogjbMOA5Z3z17DLX1i2Dx8H+fIrTfoc1LWLAltqGf0WlnXZoosbC8BEPYY31w==",
      "requires": {
        "eventemitter2": "^4.1",
        "uuid": "^3.1.0",
        "xml2js": "^0.4.19"
      }
    },
    "nan": {
      "version": "1.0.0",
      "resolved": "https://registry.npmjs.org/nan/-/nan-1.0.0.tgz",
      "integrity": "sha512-Wm2/nFOm2y9HtJfgOLnctGbfvF23FcQZeyUZqDD8JQG3zO5kXh3MkQKiUaA68mJiVWrOzLFkAV1u6bC8P52DJA=="
    },
    "node-gyp-build": {
      "version": "4.5.0",
      "resolved": "https://registry.npmjs.org/node-gyp-build/-/node-gyp-build-4.5.0.tgz",
      "integrity": "sha512-2iGbaQBV+ITgCz76ZEjmhUKAKVf7xfY1sRl4UiKQspfZMH2h06SyhNsnSVy50cwkFQDGLyif6m/6uFXHkOZ6rg=="
    },
    "options": {
      "version": "0.0.6",
      "resolved": "https://registry.npmjs.org/options/-/options-0.0.6.tgz",
      "integrity": "sha512-bOj3L1ypm++N+n7CEbbe473A414AB7z+amKYshRb//iuL3MpdDCLhPnw6aVTdKB9g5ZRVHIEp8eUln6L2NUStg=="
    },
    "promise": {
      "version": "7.1.1",
      "resolved": "https://registry.npmjs.org/promise/-/promise-7.1.1.tgz",
      "integrity": "sha512-mxw1Fcl1jxLdpzS7MTIxrdiWk3CeMvZvVSGWE4P9eml3diZPBZTNV4oQsdYY3fY6j9udbmC1mSP6lqlzg6voBA==",
      "requires": {
        "asap": "~2.0.3"
      }
    },
    "promisecallback": {
      "version": "0.0.4",
      "resolved": "https://registry.npmjs.org/promisecallback/-/promisecallback-0.0.4.tgz",
      "integrity": "sha512-AROBTO8q8oDxsWMjouDnOwiDz/p11F/VPtSNMhx0FTLS2/OpTV9tER9BrDaWelREUOAqc6Qla1YJ4GoyXYhCaA=="
    },
    "reconnect-core": {
      "version": "github:KurentoForks/reconnect-core#921d43e91578abb2fb2613f585c010c1939cf734",
      "from": "github:KurentoForks/reconnect-core",
      "requires": {
        "backoff": "~2.3.0"
      }
    },
    "reconnect-ws": {
      "version": "github:KurentoForks/reconnect-ws#f287385d75861654528c352e60221f95c9209f8a",
      "from": "github:KurentoForks/reconnect-ws#master",
      "requires": {
        "reconnect-core": "github:KurentoForks/reconnect-core",
        "websocket-stream": "~0.5.1"
      }
    },
    "sax": {
      "version": "1.2.4",
      "resolved": "https://registry.npmjs.org/sax/-/sax-1.2.4.tgz",
      "integrity": "sha512-NqVDv9TpANUjFm0N8uM5GxL36UgKi9/atZw+x7YFnQ8ckwFGKrl4xX4yWtrey3UJm5nP1kUbnYgLopqWNSRhWw=="
    },
    "sprintf-js": {
      "version": "1.0.3",
      "resolved": "https://registry.npmjs.org/sprintf-js/-/sprintf-js-1.0.3.tgz",
      "integrity": "sha1-BOaSb2YolTVPPdAVIDYzuFcpfiw="
    },
    "through": {
      "version": "2.3.8",
      "resolved": "https://registry.npmjs.org/through/-/through-2.3.8.tgz",
      "integrity": "sha512-w89qg7PI8wAdvX60bMDP+bFoD5Dvhm9oLheFp5O4a2QF0cSBGsBX4qZmadPMvVqlLJBBci+WqGGOAPvcDeNSVg=="
    },
    "tinycolor": {
      "version": "0.0.1",
      "resolved": "https://registry.npmjs.org/tinycolor/-/tinycolor-0.0.1.tgz",
      "integrity": "sha512-+CorETse1kl98xg0WAzii8DTT4ABF4R3nquhrkIbVGcw1T8JYs5Gfx9xEfGINPUZGDj9C4BmOtuKeaTtuuRolg=="
    },
    "uuid": {
      "version": "3.4.0",
      "resolved": "https://registry.npmjs.org/uuid/-/uuid-3.4.0.tgz",
      "integrity": "sha512-HjSDRw6gZE5JMggctHBcjVak08+KEVhSIiDzFnT9S9aegmp85S/bReBVTb4QTFaRNptJ9kuYaNhnbNEOkbKb/A=="
    },
    "websocket-stream": {
      "version": "0.5.1",
      "resolved": "https://registry.npmjs.org/websocket-stream/-/websocket-stream-0.5.1.tgz",
      "integrity": "sha512-8noZCS4xBbsb24dM20jxEHhorFDQb6MY96vqIb/iFWt05voa8liGxyB0843H9AuCpgTdVETIAGUr47WV2SorOw==",
      "requires": {
        "isbuffer": "0.0.0",
        "through": "~2.3.4",
        "ws": "~0.4.30"
      },
      "dependencies": {
        "ws": {
          "version": "0.4.32",
          "resolved": "https://registry.npmjs.org/ws/-/ws-0.4.32.tgz",
          "integrity": "sha512-htqsS0U9Z9lb3ITjidQkRvkLdVhQePrMeu475yEfOWkAYvJ6dSjQp1tOH6ugaddzX5b7sQjMPNtY71eTzrV/kA==",
          "requires": {
            "commander": "~2.1.0",
            "nan": "~1.0.0",
            "options": ">=0.0.5",
            "tinycolor": "0.x"
          }
        }
      }
    },
    "ws": {
      "version": "7.2.3",
      "resolved": "https://registry.npmjs.org/ws/-/ws-7.2.3.tgz",
      "integrity": "sha512-HTDl9G9hbkNDk98naoR/cHDws7+EyYMOdL1BmjsZXRUjf7d+MficC4B7HLUPlSiho0vg+CWKrGIt/VJBd1xunQ=="
    },
    "xml2js": {
      "version": "0.4.23",
      "resolved": "https://registry.npmjs.org/xml2js/-/xml2js-0.4.23.tgz",
      "integrity": "sha512-ySPiMjM0+pLDftHgXY4By0uswI3SPKLDw/i3UXbnO8M/p28zqexCUoPmQFrYD+/1BzhGJSs2i1ERWKJAtiLrug==",
      "requires": {
        "sax": ">=0.6.0",
        "xmlbuilder": "~11.0.0"
      }
    },
    "xmlbuilder": {
      "version": "11.0.1",
      "resolved": "https://registry.npmjs.org/xmlbuilder/-/xmlbuilder-11.0.1.tgz",
      "integrity": "sha512-fDlsI/kFEx7gLvbecc0/ohLG50fugQp8ryHzMTuW9vSa1GJ0XYWKnhsUx7oie3G98+r56aTQIUB4kht42R3JvA=="
    }
  }
}
